
Microsoft Visual Studio Solution File, Format Version 12.00
# Visual Studio 15
VisualStudioVersion = 15.0.27703.2042
MinimumVisualStudioVersion = 10.0.40219.1
Project("{FAE04EC0-301F-11D3-BF4B-00C04F79EFBC}") = "CriticalChain", "CriticalChain\CriticalChain.csproj", "{5DC50850-B8B5-4BD4-9B37-A0BCB03F43A6}"
EndProject
Project("{E53339B2-1760-4266-BCC7-CA923CBCF16C}") = "docker-compose", "docker-compose.dcproj", "{30847BBA-737C-47FB-AAEB-84A1E7FC4431}"
EndProject
Global
	GlobalSection(SolutionConfigurationPlatforms) = preSolution
		Debug|Any CPU = Debug|Any CPU
		Release|Any CPU = Release|Any CPU
	EndGlobalSection
	GlobalSection(ProjectConfigurationPlatforms) = postSolution
		{5DC50850-B8B5-4BD4-9B37-A0BCB03F43A6}.Debug|Any CPU.ActiveCfg = Debug|Any CPU
		{5DC50850-B8B5-4BD4-9B37-A0BCB03F43A6}.Debug|Any CPU.Build.0 = Debug|Any CPU
		{5DC50850-B8B5-4BD4-9B37-A0BCB03F43A6}.Release|Any CPU.ActiveCfg = Release|Any CPU
		{5DC50850-B8B5-4BD4-9B37-A0BCB03F43A6}.Release|Any CPU.Build.0 = Release|Any CPU
		{30847BBA-737C-47FB-AAEB-84A1E7FC4431}.Debug|Any CPU.ActiveCfg = Debug|Any CPU
		{30847BBA-737C-47FB-AAEB-84A1E7FC4431}.Debug|Any CPU.Build.0 = Debug|Any CPU
		{30847BBA-737C-47FB-AAEB-84A1E7FC4431}.Release|Any CPU.ActiveCfg = Release|Any CPU
		{30847BBA-737C-47FB-AAEB-84A1E7FC4431}.Release|Any CPU.Build.0 = Release|Any CPU
	EndGlobalSection
	GlobalSection(SolutionProperties) = preSolution
		HideSolutionNode = FALSE
	EndGlobalSection
	GlobalSection(ExtensibilityGlobals) = postSolution
		SolutionGuid = {E8BDD665-AB28-418A-9B0E-E917A24AF720}
	EndGlobalSection
EndGlobal
